
Microsoft Visual Studio Solution File, Format Version 12.00
# Visual Studio 15
VisualStudioVersion = 15.0.28307.1831
MinimumVisualStudioVersion = 10.0.40219.1
Project("{8BC9CEB8-8B4A-11D0-8D11-00A0C91BC942}") = "openglPrac", "openglPrac\openglPrac.vcxproj", "{4502DB17-2902-4844-AD43-8E9073CA1E28}"
EndProject
Global
	GlobalSection(SolutionConfigurationPlatforms) = preSolution
		Debug|x64 = Debug|x64
		Debug|x86 = Debug|x86
		Release|x64 = Release|x64
		Release|x86 = Release|x86
	EndGlobalSection
	GlobalSection(ProjectConfigurationPlatforms) = postSolution
		{4502DB17-2902-4844-AD43-8E9073CA1E28}.Debug|x64.ActiveCfg = Debug|x64
		{4502DB17-2902-4844-AD43-8E9073CA1E28}.Debug|x64.Build.0 = Debug|x64
		{4502DB17-2902-4844-AD43-8E9073CA1E28}.Debug|x86.ActiveCfg = Debug|Win32
		{4502DB17-2902-4844-AD43-8E9073CA1E28}.Debug|x86.Build.0 = Debug|Win32
		{4502DB17-2902-4844-AD43-8E9073CA1E28}.Release|x64.ActiveCfg = Release|x64
		{4502DB17-2902-4844-AD43-8E9073CA1E28}.Release|x64.Build.0 = Release|x64
		{4502DB17-2902-4844-AD43-8E9073CA1E28}.Release|x86.ActiveCfg = Release|Win32
		{4502DB17-2902-4844-AD43-8E9073CA1E28}.Release|x86.Build.0 = Release|Win32
	EndGlobalSection
	GlobalSection(SolutionProperties) = preSolution
		HideSolutionNode = FALSE
	EndGlobalSection
	GlobalSection(ExtensibilityGlobals) = postSolution
		SolutionGuid = {D71191F6-27A3-4FEA-9DEF-F6559D50C9D5}
	EndGlobalSection
EndGlobal
